
Microsoft Visual Studio Solution File, Format Version 12.00
# Visual Studio 15
VisualStudioVersion = 15.0.28307.572
MinimumVisualStudioVersion = 10.0.40219.1
Project("{9A19103F-16F7-4668-BE54-9A1E7A4F7556}") = "Wallet.Api", "Wallet.Api\Wallet.Api.csproj", "{670824DE-2C52-4234-8A8B-D5FA298C99F2}"
EndProject
Project("{9A19103F-16F7-4668-BE54-9A1E7A4F7556}") = "Wallet.Core", "Wallet.Core\Wallet.Core.csproj", "{C4BDCD48-A05D-4FEB-AA63-44F68AD4491D}"
EndProject
Project("{9A19103F-16F7-4668-BE54-9A1E7A4F7556}") = "Wallet.Data", "Wallet.Data\Wallet.Data.csproj", "{A215D8FB-8707-4730-9D35-EC19CAC4345D}"
EndProject
Global
	GlobalSection(SolutionConfigurationPlatforms) = preSolution
		Debug|Any CPU = Debug|Any CPU
		Release|Any CPU = Release|Any CPU
	EndGlobalSection
	GlobalSection(ProjectConfigurationPlatforms) = postSolution
		{670824DE-2C52-4234-8A8B-D5FA298C99F2}.Debug|Any CPU.ActiveCfg = Debug|Any CPU
		{670824DE-2C52-4234-8A8B-D5FA298C99F2}.Debug|Any CPU.Build.0 = Debug|Any CPU
		{670824DE-2C52-4234-8A8B-D5FA298C99F2}.Release|Any CPU.ActiveCfg = Release|Any CPU
		{670824DE-2C52-4234-8A8B-D5FA298C99F2}.Release|Any CPU.Build.0 = Release|Any CPU
		{C4BDCD48-A05D-4FEB-AA63-44F68AD4491D}.Debug|Any CPU.ActiveCfg = Debug|Any CPU
		{C4BDCD48-A05D-4FEB-AA63-44F68AD4491D}.Debug|Any CPU.Build.0 = Debug|Any CPU
		{C4BDCD48-A05D-4FEB-AA63-44F68AD4491D}.Release|Any CPU.ActiveCfg = Release|Any CPU
		{C4BDCD48-A05D-4FEB-AA63-44F68AD4491D}.Release|Any CPU.Build.0 = Release|Any CPU
		{A215D8FB-8707-4730-9D35-EC19CAC4345D}.Debug|Any CPU.ActiveCfg = Debug|Any CPU
		{A215D8FB-8707-4730-9D35-EC19CAC4345D}.Debug|Any CPU.Build.0 = Debug|Any CPU
		{A215D8FB-8707-4730-9D35-EC19CAC4345D}.Release|Any CPU.ActiveCfg = Release|Any CPU
		{A215D8FB-8707-4730-9D35-EC19CAC4345D}.Release|Any CPU.Build.0 = Release|Any CPU
	EndGlobalSection
	GlobalSection(SolutionProperties) = preSolution
		HideSolutionNode = FALSE
	EndGlobalSection
	GlobalSection(ExtensibilityGlobals) = postSolution
		SolutionGuid = {E285C564-9262-45AA-B972-BC33E441BB07}
	EndGlobalSection
EndGlobal
